
Microsoft Visual Studio Solution File, Format Version 12.00
# Visual Studio Version 17
VisualStudioVersion = 17.12.35527.113
MinimumVisualStudioVersion = 10.0.40219.1
Project("{FAE04EC0-301F-11D3-BF4B-00C04F79EFBC}") = "SendApp", "SendApp\SendApp.csproj", "{D9479834-1AA3-4EF3-B2DA-76A9F62EEBCA}"
EndProject
Project("{FAE04EC0-301F-11D3-BF4B-00C04F79EFBC}") = "Service", "Service\Service.csproj", "{28961964-DCE0-49B7-9C07-96AEAFFAE530}"
EndProject
Global
	GlobalSection(SolutionConfigurationPlatforms) = preSolution
		Debug|Any CPU = Debug|Any CPU
		Release|Any CPU = Release|Any CPU
	EndGlobalSection
	GlobalSection(ProjectConfigurationPlatforms) = postSolution
		{D9479834-1AA3-4EF3-B2DA-76A9F62EEBCA}.Debug|Any CPU.ActiveCfg = Debug|Any CPU
		{D9479834-1AA3-4EF3-B2DA-76A9F62EEBCA}.Debug|Any CPU.Build.0 = Debug|Any CPU
		{D9479834-1AA3-4EF3-B2DA-76A9F62EEBCA}.Release|Any CPU.ActiveCfg = Release|Any CPU
		{D9479834-1AA3-4EF3-B2DA-76A9F62EEBCA}.Release|Any CPU.Build.0 = Release|Any CPU
		{28961964-DCE0-49B7-9C07-96AEAFFAE530}.Debug|Any CPU.ActiveCfg = Debug|Any CPU
		{28961964-DCE0-49B7-9C07-96AEAFFAE530}.Debug|Any CPU.Build.0 = Debug|Any CPU
		{28961964-DCE0-49B7-9C07-96AEAFFAE530}.Release|Any CPU.ActiveCfg = Release|Any CPU
		{28961964-DCE0-49B7-9C07-96AEAFFAE530}.Release|Any CPU.Build.0 = Release|Any CPU
	EndGlobalSection
	GlobalSection(SolutionProperties) = preSolution
		HideSolutionNode = FALSE
	EndGlobalSection
EndGlobal
